
Microsoft Visual Studio Solution File, Format Version 12.00
# Visual Studio Version 17
VisualStudioVersion = 17.7.34031.279
MinimumVisualStudioVersion = 10.0.40219.1
Project("{FAE04EC0-301F-11D3-BF4B-00C04F79EFBC}") = "H4E10", "H4E10.csproj", "{FFC59B52-5270-4DE4-80E5-331ED712B4CC}"
EndProject
Global
	GlobalSection(SolutionConfigurationPlatforms) = preSolution
		Debug|Any CPU = Debug|Any CPU
		Release|Any CPU = Release|Any CPU
	EndGlobalSection
	GlobalSection(ProjectConfigurationPlatforms) = postSolution
		{FFC59B52-5270-4DE4-80E5-331ED712B4CC}.Debug|Any CPU.ActiveCfg = Debug|Any CPU
		{FFC59B52-5270-4DE4-80E5-331ED712B4CC}.Debug|Any CPU.Build.0 = Debug|Any CPU
		{FFC59B52-5270-4DE4-80E5-331ED712B4CC}.Release|Any CPU.ActiveCfg = Release|Any CPU
		{FFC59B52-5270-4DE4-80E5-331ED712B4CC}.Release|Any CPU.Build.0 = Release|Any CPU
	EndGlobalSection
	GlobalSection(SolutionProperties) = preSolution
		HideSolutionNode = FALSE
	EndGlobalSection
	GlobalSection(ExtensibilityGlobals) = postSolution
		SolutionGuid = {F91C35C3-91DF-448E-AEBC-643729A04E50}
	EndGlobalSection
EndGlobal
